// !$*UTF8*$!
{
	archiveVersion = 1;
	classes = {
	};
	objectVersion = 56;
	objects = {

/* Begin PBXBuildFile section */
		B52CD02B2B095B7C0086C1D6 /* DetailEditView.swift in Sources */ = {isa = PBXBuildFile; fileRef = B52CD02A2B095B7C0086C1D6 /* DetailEditView.swift */; };
		B547BA2C2B1908630081DBA3 /* MeetingHeaderView.swift in Sources */ = {isa = PBXBuildFile; fileRef = B547BA2B2B1908630081DBA3 /* MeetingHeaderView.swift */; };
		B547BA2F2B1916300081DBA3 /* ScrumProgressViewStyle.swift in Sources */ = {isa = PBXBuildFile; fileRef = B547BA2E2B1916300081DBA3 /* ScrumProgressViewStyle.swift */; };
		B54E8B302AF14D650096419C /* TrailingIconLabelStyle.swift in Sources */ = {isa = PBXBuildFile; fileRef = B54E8B2F2AF14D650096419C /* TrailingIconLabelStyle.swift */; };
		B54E8B322AF153560096419C /* ScrumsView.swift in Sources */ = {isa = PBXBuildFile; fileRef = B54E8B312AF153560096419C /* ScrumsView.swift */; };
		B5634C9A2B19B14800D4977B /* ScrumTimer.swift in Sources */ = {isa = PBXBuildFile; fileRef = B5634C992B19B14800D4977B /* ScrumTimer.swift */; };
		B5634C9C2B19B47300D4977B /* AVPlayer+Ding.swift in Sources */ = {isa = PBXBuildFile; fileRef = B5634C9B2B19B47300D4977B /* AVPlayer+Ding.swift */; };
		B5634C9E2B19BBCF00D4977B /* MeetingFooterView.swift in Sources */ = {isa = PBXBuildFile; fileRef = B5634C9D2B19BBCF00D4977B /* MeetingFooterView.swift */; };
		B575D5852B167DAC00EFFED3 /* ThemeView.swift in Sources */ = {isa = PBXBuildFile; fileRef = B575D5842B167DAC00EFFED3 /* ThemeView.swift */; };
		B575D5872B167EBA00EFFED3 /* ThemePicker.swift in Sources */ = {isa = PBXBuildFile; fileRef = B575D5862B167EBA00EFFED3 /* ThemePicker.swift */; };
		B5A0F5142AED335700956226 /* ScrumdingerApp.swift in Sources */ = {isa = PBXBuildFile; fileRef = B5A0F5132AED335700956226 /* ScrumdingerApp.swift */; };
		B5A0F5162AED335700956226 /* MeetingView.swift in Sources */ = {isa = PBXBuildFile; fileRef = B5A0F5152AED335700956226 /* MeetingView.swift */; };
		B5A0F5182AED335900956226 /* Assets.xcassets in Resources */ = {isa = PBXBuildFile; fileRef = B5A0F5172AED335900956226 /* Assets.xcassets */; };
		B5A0F51B2AED335900956226 /* Preview Assets.xcassets in Resources */ = {isa = PBXBuildFile; fileRef = B5A0F51A2AED335900956226 /* Preview Assets.xcassets */; };
		B5A0F5252AED335900956226 /* ScrumdingerTests.swift in Sources */ = {isa = PBXBuildFile; fileRef = B5A0F5242AED335900956226 /* ScrumdingerTests.swift */; };
		B5A0F52F2AED335900956226 /* ScrumdingerUITests.swift in Sources */ = {isa = PBXBuildFile; fileRef = B5A0F52E2AED335900956226 /* ScrumdingerUITests.swift */; };
		B5A0F5312AED335900956226 /* ScrumdingerUITestsLaunchTests.swift in Sources */ = {isa = PBXBuildFile; fileRef = B5A0F5302AED335900956226 /* ScrumdingerUITestsLaunchTests.swift */; };
		B5A0F5752AEECE4B00956226 /* Theme.swift in Sources */ = {isa = PBXBuildFile; fileRef = B5A0F5742AEECE4B00956226 /* Theme.swift */; };
		B5A0F5772AEED27A00956226 /* DailyScrum.swift in Sources */ = {isa = PBXBuildFile; fileRef = B5A0F5762AEED27A00956226 /* DailyScrum.swift */; };
		B5A0F5792AEEDD6600956226 /* CardView.swift in Sources */ = {isa = PBXBuildFile; fileRef = B5A0F5782AEEDD6600956226 /* CardView.swift */; };
		B5D27C6F2AF5235A0052C33F /* DetailView.swift in Sources */ = {isa = PBXBuildFile; fileRef = B5D27C6E2AF5235A0052C33F /* DetailView.swift */; };
/* End PBXBuildFile section */

/* Begin PBXContainerItemProxy section */
		B5A0F5212AED335900956226 /* PBXContainerItemProxy */ = {
			isa = PBXContainerItemProxy;
			containerPortal = B5A0F5082AED335700956226 /* Project object */;
			proxyType = 1;
			remoteGlobalIDString = B5A0F50F2AED335700956226;
			remoteInfo = Scrumdinger;
		};
		B5A0F52B2AED335900956226 /* PBXContainerItemProxy */ = {
			isa = PBXContainerItemProxy;
			containerPortal = B5A0F5082AED335700956226 /* Project object */;
			proxyType = 1;
			remoteGlobalIDString = B5A0F50F2AED335700956226;
			remoteInfo = Scrumdinger;
		};
/* End PBXContainerItemProxy section */

/* Begin PBXFileReference section */
		B52CD02A2B095B7C0086C1D6 /* DetailEditView.swift */ = {isa = PBXFileReference; lastKnownFileType = sourcecode.swift; path = DetailEditView.swift; sourceTree = "<group>"; };
		B547BA2B2B1908630081DBA3 /* MeetingHeaderView.swift */ = {isa = PBXFileReference; lastKnownFileType = sourcecode.swift; path = MeetingHeaderView.swift; sourceTree = "<group>"; };
		B547BA2E2B1916300081DBA3 /* ScrumProgressViewStyle.swift */ = {isa = PBXFileReference; lastKnownFileType = sourcecode.swift; path = ScrumProgressViewStyle.swift; sourceTree = "<group>"; };
		B54E8B2F2AF14D650096419C /* TrailingIconLabelStyle.swift */ = {isa = PBXFileReference; lastKnownFileType = sourcecode.swift; path = TrailingIconLabelStyle.swift; sourceTree = "<group>"; };
		B54E8B312AF153560096419C /* ScrumsView.swift */ = {isa = PBXFileReference; lastKnownFileType = sourcecode.swift; path = ScrumsView.swift; sourceTree = "<group>"; };
		B5634C992B19B14800D4977B /* ScrumTimer.swift */ = {isa = PBXFileReference; lastKnownFileType = sourcecode.swift; path = ScrumTimer.swift; sourceTree = "<group>"; };
		B5634C9B2B19B47300D4977B /* AVPlayer+Ding.swift */ = {isa = PBXFileReference; lastKnownFileType = sourcecode.swift; path = "AVPlayer+Ding.swift"; sourceTree = "<group>"; };
		B5634C9D2B19BBCF00D4977B /* MeetingFooterView.swift */ = {isa = PBXFileReference; lastKnownFileType = sourcecode.swift; path = MeetingFooterView.swift; sourceTree = "<group>"; };
		B575D5842B167DAC00EFFED3 /* ThemeView.swift */ = {isa = PBXFileReference; lastKnownFileType = sourcecode.swift; path = ThemeView.swift; sourceTree = "<group>"; };
		B575D5862B167EBA00EFFED3 /* ThemePicker.swift */ = {isa = PBXFileReference; lastKnownFileType = sourcecode.swift; path = ThemePicker.swift; sourceTree = "<group>"; };
		B5A0F5102AED335700956226 /* Scrumdinger.app */ = {isa = PBXFileReference; explicitFileType = wrapper.application; includeInIndex = 0; path = Scrumdinger.app; sourceTree = BUILT_PRODUCTS_DIR; };
		B5A0F5132AED335700956226 /* ScrumdingerApp.swift */ = {isa = PBXFileReference; lastKnownFileType = sourcecode.swift; path = ScrumdingerApp.swift; sourceTree = "<group>"; };
		B5A0F5152AED335700956226 /* MeetingView.swift */ = {isa = PBXFileReference; lastKnownFileType = sourcecode.swift; path = MeetingView.swift; sourceTree = "<group>"; };
		B5A0F5172AED335900956226 /* Assets.xcassets */ = {isa = PBXFileReference; lastKnownFileType = folder.assetcatalog; path = Assets.xcassets; sourceTree = "<group>"; };
		B5A0F51A2AED335900956226 /* Preview Assets.xcassets */ = {isa = PBXFileReference; lastKnownFileType = folder.assetcatalog; path = "Preview Assets.xcassets"; sourceTree = "<group>"; };
		B5A0F5202AED335900956226 /* ScrumdingerTests.xctest */ = {isa = PBXFileReference; explicitFileType = wrapper.cfbundle; includeInIndex = 0; path = ScrumdingerTests.xctest; sourceTree = BUILT_PRODUCTS_DIR; };
		B5A0F5242AED335900956226 /* ScrumdingerTests.swift */ = {isa = PBXFileReference; lastKnownFileType = sourcecode.swift; path = ScrumdingerTests.swift; sourceTree = "<group>"; };
		B5A0F52A2AED335900956226 /* ScrumdingerUITests.xctest */ = {isa = PBXFileReference; explicitFileType = wrapper.cfbundle; includeInIndex = 0; path = ScrumdingerUITests.xctest; sourceTree = BUILT_PRODUCTS_DIR; };
		B5A0F52E2AED335900956226 /* ScrumdingerUITests.swift */ = {isa = PBXFileReference; lastKnownFileType = sourcecode.swift; path = ScrumdingerUITests.swift; sourceTree = "<group>"; };
		B5A0F5302AED335900956226 /* ScrumdingerUITestsLaunchTests.swift */ = {isa = PBXFileReference; lastKnownFileType = sourcecode.swift; path = ScrumdingerUITestsLaunchTests.swift; sourceTree = "<group>"; };
		B5A0F5742AEECE4B00956226 /* Theme.swift */ = {isa = PBXFileReference; lastKnownFileType = sourcecode.swift; path = Theme.swift; sourceTree = "<group>"; };
		B5A0F5762AEED27A00956226 /* DailyScrum.swift */ = {isa = PBXFileReference; lastKnownFileType = sourcecode.swift; path = DailyScrum.swift; sourceTree = "<group>"; };
		B5A0F5782AEEDD6600956226 /* CardView.swift */ = {isa = PBXFileReference; lastKnownFileType = sourcecode.swift; path = CardView.swift; sourceTree = "<group>"; };
		B5D27C6E2AF5235A0052C33F /* DetailView.swift */ = {isa = PBXFileReference; lastKnownFileType = sourcecode.swift; path = DetailView.swift; sourceTree = "<group>"; };
/* End PBXFileReference section */

/* Begin PBXFrameworksBuildPhase section */
		B5A0F50D2AED335700956226 /* Frameworks */ = {
			isa = PBXFrameworksBuildPhase;
			buildActionMask = 2147483647;
			files = (
			);
			runOnlyForDeploymentPostprocessing = 0;
		};
		B5A0F51D2AED335900956226 /* Frameworks */ = {
			isa = PBXFrameworksBuildPhase;
			buildActionMask = 2147483647;
			files = (
			);
			runOnlyForDeploymentPostprocessing = 0;
		};
		B5A0F5272AED335900956226 /* Frameworks */ = {
			isa = PBXFrameworksBuildPhase;
			buildActionMask = 2147483647;
			files = (
			);
			runOnlyForDeploymentPostprocessing = 0;
		};
/* End PBXFrameworksBuildPhase section */

/* Begin PBXGroup section */
		B547BA2D2B1915E70081DBA3 /* Views */ = {
			isa = PBXGroup;
			children = (
				B5A0F5782AEEDD6600956226 /* CardView.swift */,
				B52CD02A2B095B7C0086C1D6 /* DetailEditView.swift */,
				B5D27C6E2AF5235A0052C33F /* DetailView.swift */,
				B547BA2B2B1908630081DBA3 /* MeetingHeaderView.swift */,
				B5A0F5152AED335700956226 /* MeetingView.swift */,
				B547BA2E2B1916300081DBA3 /* ScrumProgressViewStyle.swift */,
				B54E8B312AF153560096419C /* ScrumsView.swift */,
				B575D5862B167EBA00EFFED3 /* ThemePicker.swift */,
				B575D5842B167DAC00EFFED3 /* ThemeView.swift */,
				B54E8B2F2AF14D650096419C /* TrailingIconLabelStyle.swift */,
				B5634C9D2B19BBCF00D4977B /* MeetingFooterView.swift */,
			);
			path = Views;
			sourceTree = "<group>";
		};
		B5A0F5072AED335700956226 = {
			isa = PBXGroup;
			children = (
				B5A0F5112AED335700956226 /* Products */,
				B5A0F5122AED335700956226 /* Scrumdinger */,
				B5A0F5232AED335900956226 /* ScrumdingerTests */,
				B5A0F52D2AED335900956226 /* ScrumdingerUITests */,
			);
			sourceTree = "<group>";
		};
		B5A0F5112AED335700956226 /* Products */ = {
			isa = PBXGroup;
			children = (
				B5A0F5102AED335700956226 /* Scrumdinger.app */,
				B5A0F5202AED335900956226 /* ScrumdingerTests.xctest */,
				B5A0F52A2AED335900956226 /* ScrumdingerUITests.xctest */,
			);
			name = Products;
			sourceTree = "<group>";
		};
		B5A0F5122AED335700956226 /* Scrumdinger */ = {
			isa = PBXGroup;
			children = (
				B5A0F5172AED335900956226 /* Assets.xcassets */,
				B5A0F5732AEECE3800956226 /* Models */,
				B5A0F5192AED335900956226 /* Preview Content */,
				B5A0F5132AED335700956226 /* ScrumdingerApp.swift */,
				B547BA2D2B1915E70081DBA3 /* Views */,
			);
			path = Scrumdinger;
			sourceTree = "<group>";
		};
		B5A0F5192AED335900956226 /* Preview Content */ = {
			isa = PBXGroup;
			children = (
				B5A0F51A2AED335900956226 /* Preview Assets.xcassets */,
			);
			path = "Preview Content";
			sourceTree = "<group>";
		};
		B5A0F5232AED335900956226 /* ScrumdingerTests */ = {
			isa = PBXGroup;
			children = (
				B5A0F5242AED335900956226 /* ScrumdingerTests.swift */,
			);
			path = ScrumdingerTests;
			sourceTree = "<group>";
		};
		B5A0F52D2AED335900956226 /* ScrumdingerUITests */ = {
			isa = PBXGroup;
			children = (
				B5A0F52E2AED335900956226 /* ScrumdingerUITests.swift */,
				B5A0F5302AED335900956226 /* ScrumdingerUITestsLaunchTests.swift */,
			);
			path = ScrumdingerUITests;
			sourceTree = "<group>";
		};
		B5A0F5732AEECE3800956226 /* Models */ = {
			isa = PBXGroup;
			children = (
				B5A0F5762AEED27A00956226 /* DailyScrum.swift */,
				B5A0F5742AEECE4B00956226 /* Theme.swift */,
				B5634C992B19B14800D4977B /* ScrumTimer.swift */,
				B5634C9B2B19B47300D4977B /* AVPlayer+Ding.swift */,
			);
			path = Models;
			sourceTree = "<group>";
		};
/* End PBXGroup section */

/* Begin PBXNativeTarget section */
		B5A0F50F2AED335700956226 /* Scrumdinger */ = {
			isa = PBXNativeTarget;
			buildConfigurationList = B5A0F5342AED335900956226 /* Build configuration list for PBXNativeTarget "Scrumdinger" */;
			buildPhases = (
				B5A0F50C2AED335700956226 /* Sources */,
				B5A0F50D2AED335700956226 /* Frameworks */,
				B5A0F50E2AED335700956226 /* Resources */,
			);
			buildRules = (
			);
			dependencies = (
			);
			name = Scrumdinger;
			productName = Scrumdinger;
			productReference = B5A0F5102AED335700956226 /* Scrumdinger.app */;
			productType = "com.apple.product-type.application";
		};
		B5A0F51F2AED335900956226 /* ScrumdingerTests */ = {
			isa = PBXNativeTarget;
			buildConfigurationList = B5A0F5372AED335900956226 /* Build configuration list for PBXNativeTarget "ScrumdingerTests" */;
			buildPhases = (
				B5A0F51C2AED335900956226 /* Sources */,
				B5A0F51D2AED335900956226 /* Frameworks */,
				B5A0F51E2AED335900956226 /* Resources */,
			);
			buildRules = (
			);
			dependencies = (
				B5A0F5222AED335900956226 /* PBXTargetDependency */,
			);
			name = ScrumdingerTests;
			productName = ScrumdingerTests;
			productReference = B5A0F5202AED335900956226 /* ScrumdingerTests.xctest */;
			productType = "com.apple.product-type.bundle.unit-test";
		};
		B5A0F5292AED335900956226 /* ScrumdingerUITests */ = {
			isa = PBXNativeTarget;
			buildConfigurationList = B5A0F53A2AED335900956226 /* Build configuration list for PBXNativeTarget "ScrumdingerUITests" */;
			buildPhases = (
				B5A0F5262AED335900956226 /* Sources */,
				B5A0F5272AED335900956226 /* Frameworks */,
				B5A0F5282AED335900956226 /* Resources */,
			);
			buildRules = (
			);
			dependencies = (
				B5A0F52C2AED335900956226 /* PBXTargetDependency */,
			);
			name = ScrumdingerUITests;
			productName = ScrumdingerUITests;
			productReference = B5A0F52A2AED335900956226 /* ScrumdingerUITests.xctest */;
			productType = "com.apple.product-type.bundle.ui-testing";
		};
/* End PBXNativeTarget section */

/* Begin PBXProject section */
		B5A0F5082AED335700956226 /* Project object */ = {
			isa = PBXProject;
			attributes = {
				BuildIndependentTargetsInParallel = 1;
				LastSwiftUpdateCheck = 1500;
				LastUpgradeCheck = 1500;
				TargetAttributes = {
					B5A0F50F2AED335700956226 = {
						CreatedOnToolsVersion = 15.0.1;
					};
					B5A0F51F2AED335900956226 = {
						CreatedOnToolsVersion = 15.0.1;
						TestTargetID = B5A0F50F2AED335700956226;
					};
					B5A0F5292AED335900956226 = {
						CreatedOnToolsVersion = 15.0.1;
						TestTargetID = B5A0F50F2AED335700956226;
					};
				};
			};
			buildConfigurationList = B5A0F50B2AED335700956226 /* Build configuration list for PBXProject "Scrumdinger" */;
			compatibilityVersion = "Xcode 14.0";
			developmentRegion = en;
			hasScannedForEncodings = 0;
			knownRegions = (
				en,
				Base,
			);
			mainGroup = B5A0F5072AED335700956226;
			productRefGroup = B5A0F5112AED335700956226 /* Products */;
			projectDirPath = "";
			projectRoot = "";
			targets = (
				B5A0F50F2AED335700956226 /* Scrumdinger */,
				B5A0F51F2AED335900956226 /* ScrumdingerTests */,
				B5A0F5292AED335900956226 /* ScrumdingerUITests */,
			);
		};
/* End PBXProject section */

/* Begin PBXResourcesBuildPhase section */
		B5A0F50E2AED335700956226 /* Resources */ = {
			isa = PBXResourcesBuildPhase;
			buildActionMask = 2147483647;
			files = (
				B5A0F51B2AED335900956226 /* Preview Assets.xcassets in Resources */,
				B5A0F5182AED335900956226 /* Assets.xcassets in Resources */,
			);
			runOnlyForDeploymentPostprocessing = 0;
		};
		B5A0F51E2AED335900956226 /* Resources */ = {
			isa = PBXResourcesBuildPhase;
			buildActionMask = 2147483647;
			files = (
			);
			runOnlyForDeploymentPostprocessing = 0;
		};
		B5A0F5282AED335900956226 /* Resources */ = {
			isa = PBXResourcesBuildPhase;
			buildActionMask = 2147483647;
			files = (
			);
			runOnlyForDeploymentPostprocessing = 0;
		};
/* End PBXResourcesBuildPhase section */

/* Begin PBXSourcesBuildPhase section */
		B5A0F50C2AED335700956226 /* Sources */ = {
			isa = PBXSourcesBuildPhase;
			buildActionMask = 2147483647;
			files = (
				B575D5872B167EBA00EFFED3 /* ThemePicker.swift in Sources */,
				B547BA2F2B1916300081DBA3 /* ScrumProgressViewStyle.swift in Sources */,
				B5634C9A2B19B14800D4977B /* ScrumTimer.swift in Sources */,
				B5A0F5772AEED27A00956226 /* DailyScrum.swift in Sources */,
				B5634C9C2B19B47300D4977B /* AVPlayer+Ding.swift in Sources */,
				B5634C9E2B19BBCF00D4977B /* MeetingFooterView.swift in Sources */,
				B5D27C6F2AF5235A0052C33F /* DetailView.swift in Sources */,
				B547BA2C2B1908630081DBA3 /* MeetingHeaderView.swift in Sources */,
				B52CD02B2B095B7C0086C1D6 /* DetailEditView.swift in Sources */,
				B54E8B302AF14D650096419C /* TrailingIconLabelStyle.swift in Sources */,
				B5A0F5752AEECE4B00956226 /* Theme.swift in Sources */,
				B54E8B322AF153560096419C /* ScrumsView.swift in Sources */,
				B5A0F5162AED335700956226 /* MeetingView.swift in Sources */,
				B5A0F5142AED335700956226 /* ScrumdingerApp.swift in Sources */,
				B575D5852B167DAC00EFFED3 /* ThemeView.swift in Sources */,
				B5A0F5792AEEDD6600956226 /* CardView.swift in Sources */,
			);
			runOnlyForDeploymentPostprocessing = 0;
		};
		B5A0F51C2AED335900956226 /* Sources */ = {
			isa = PBXSourcesBuildPhase;
			buildActionMask = 2147483647;
			files = (
				B5A0F5252AED335900956226 /* ScrumdingerTests.swift in Sources */,
			);
			runOnlyForDeploymentPostprocessing = 0;
		};
		B5A0F5262AED335900956226 /* Sources */ = {
			isa = PBXSourcesBuildPhase;
			buildActionMask = 2147483647;
			files = (
				B5A0F5312AED335900956226 /* ScrumdingerUITestsLaunchTests.swift in Sources */,
				B5A0F52F2AED335900956226 /* ScrumdingerUITests.swift in Sources */,
			);
			runOnlyForDeploymentPostprocessing = 0;
		};
/* End PBXSourcesBuildPhase section */

/* Begin PBXTargetDependency section */
		B5A0F5222AED335900956226 /* PBXTargetDependency */ = {
			isa = PBXTargetDependency;
			target = B5A0F50F2AED335700956226 /* Scrumdinger */;
			targetProxy = B5A0F5212AED335900956226 /* PBXContainerItemProxy */;
		};
		B5A0F52C2AED335900956226 /* PBXTargetDependency */ = {
			isa = PBXTargetDependency;
			target = B5A0F50F2AED335700956226 /* Scrumdinger */;
			targetProxy = B5A0F52B2AED335900956226 /* PBXContainerItemProxy */;
		};
/* End PBXTargetDependency section */

/* Begin XCBuildConfiguration section */
		B5A0F5322AED335900956226 /* Debug */ = {
			isa = XCBuildConfiguration;
			buildSettings = {
				ALWAYS_SEARCH_USER_PATHS = NO;
				ASSETCATALOG_COMPILER_GENERATE_SWIFT_ASSET_SYMBOL_EXTENSIONS = YES;
				CLANG_ANALYZER_NONNULL = YES;
				CLANG_ANALYZER_NUMBER_OBJECT_CONVERSION = YES_AGGRESSIVE;
				CLANG_CXX_LANGUAGE_STANDARD = "gnu++20";
				CLANG_ENABLE_MODULES = YES;
				CLANG_ENABLE_OBJC_ARC = YES;
				CLANG_ENABLE_OBJC_WEAK = YES;
				CLANG_WARN_BLOCK_CAPTURE_AUTORELEASING = YES;
				CLANG_WARN_BOOL_CONVERSION = YES;
				CLANG_WARN_COMMA = YES;
				CLANG_WARN_CONSTANT_CONVERSION = YES;
				CLANG_WARN_DEPRECATED_OBJC_IMPLEMENTATIONS = YES;
				CLANG_WARN_DIRECT_OBJC_ISA_USAGE = YES_ERROR;
				CLANG_WARN_DOCUMENTATION_COMMENTS = YES;
				CLANG_WARN_EMPTY_BODY = YES;
				CLANG_WARN_ENUM_CONVERSION = YES;
				CLANG_WARN_INFINITE_RECURSION = YES;
				CLANG_WARN_INT_CONVERSION = YES;
				CLANG_WARN_NON_LITERAL_NULL_CONVERSION = YES;
				CLANG_WARN_OBJC_IMPLICIT_RETAIN_SELF = YES;
				CLANG_WARN_OBJC_LITERAL_CONVERSION = YES;
				CLANG_WARN_OBJC_ROOT_CLASS = YES_ERROR;
				CLANG_WARN_QUOTED_INCLUDE_IN_FRAMEWORK_HEADER = YES;
				CLANG_WARN_RANGE_LOOP_ANALYSIS = YES;
				CLANG_WARN_STRICT_PROTOTYPES = YES;
				CLANG_WARN_SUSPICIOUS_MOVE = YES;
				CLANG_WARN_UNGUARDED_AVAILABILITY = YES_AGGRESSIVE;
				CLANG_WARN_UNREACHABLE_CODE = YES;
				CLANG_WARN__DUPLICATE_METHOD_MATCH = YES;
				COPY_PHASE_STRIP = NO;
				DEBUG_INFORMATION_FORMAT = dwarf;
				ENABLE_STRICT_OBJC_MSGSEND = YES;
				ENABLE_TESTABILITY = YES;
				ENABLE_USER_SCRIPT_SANDBOXING = YES;
				GCC_C_LANGUAGE_STANDARD = gnu17;
				GCC_DYNAMIC_NO_PIC = NO;
				GCC_NO_COMMON_BLOCKS = YES;
				GCC_OPTIMIZATION_LEVEL = 0;
				GCC_PREPROCESSOR_DEFINITIONS = (
					"DEBUG=1",
					"$(inherited)",
				);
				GCC_WARN_64_TO_32_BIT_CONVERSION = YES;
				GCC_WARN_ABOUT_RETURN_TYPE = YES_ERROR;
				GCC_WARN_UNDECLARED_SELECTOR = YES;
				GCC_WARN_UNINITIALIZED_AUTOS = YES_AGGRESSIVE;
				GCC_WARN_UNUSED_FUNCTION = YES;
				GCC_WARN_UNUSED_VARIABLE = YES;
				IPHONEOS_DEPLOYMENT_TARGET = 17.0;
				LOCALIZATION_PREFERS_STRING_CATALOGS = YES;
				MTL_ENABLE_DEBUG_INFO = INCLUDE_SOURCE;
				MTL_FAST_MATH = YES;
				ONLY_ACTIVE_ARCH = YES;
				SDKROOT = iphoneos;
				SWIFT_ACTIVE_COMPILATION_CONDITIONS = "DEBUG $(inherited)";
				SWIFT_OPTIMIZATION_LEVEL = "-Onone";
			};
			name = Debug;
		};
		B5A0F5332AED335900956226 /* Release */ = {
			isa = XCBuildConfiguration;
			buildSettings = {
				ALWAYS_SEARCH_USER_PATHS = NO;
				ASSETCATALOG_COMPILER_GENERATE_SWIFT_ASSET_SYMBOL_EXTENSIONS = YES;
				CLANG_ANALYZER_NONNULL = YES;
				CLANG_ANALYZER_NUMBER_OBJECT_CONVERSION = YES_AGGRESSIVE;
				CLANG_CXX_LANGUAGE_STANDARD = "gnu++20";
				CLANG_ENABLE_MODULES = YES;
				CLANG_ENABLE_OBJC_ARC = YES;
				CLANG_ENABLE_OBJC_WEAK = YES;
				CLANG_WARN_BLOCK_CAPTURE_AUTORELEASING = YES;
				CLANG_WARN_BOOL_CONVERSION = YES;
				CLANG_WARN_COMMA = YES;
				CLANG_WARN_CONSTANT_CONVERSION = YES;
				CLANG_WARN_DEPRECATED_OBJC_IMPLEMENTATIONS = YES;
				CLANG_WARN_DIRECT_OBJC_ISA_USAGE = YES_ERROR;
				CLANG_WARN_DOCUMENTATION_COMMENTS = YES;
				CLANG_WARN_EMPTY_BODY = YES;
				CLANG_WARN_ENUM_CONVERSION = YES;
				CLANG_WARN_INFINITE_RECURSION = YES;
				CLANG_WARN_INT_CONVERSION = YES;
				CLANG_WARN_NON_LITERAL_NULL_CONVERSION = YES;
				CLANG_WARN_OBJC_IMPLICIT_RETAIN_SELF = YES;
				CLANG_WARN_OBJC_LITERAL_CONVERSION = YES;
				CLANG_WARN_OBJC_ROOT_CLASS = YES_ERROR;
				CLANG_WARN_QUOTED_INCLUDE_IN_FRAMEWORK_HEADER = YES;
				CLANG_WARN_RANGE_LOOP_ANALYSIS = YES;
				CLANG_WARN_STRICT_PROTOTYPES = YES;
				CLANG_WARN_SUSPICIOUS_MOVE = YES;
				CLANG_WARN_UNGUARDED_AVAILABILITY = YES_AGGRESSIVE;
				CLANG_WARN_UNREACHABLE_CODE = YES;
				CLANG_WARN__DUPLICATE_METHOD_MATCH = YES;
				COPY_PHASE_STRIP = NO;
				DEBUG_INFORMATION_FORMAT = "dwarf-with-dsym";
				ENABLE_NS_ASSERTIONS = NO;
				ENABLE_STRICT_OBJC_MSGSEND = YES;
				ENABLE_USER_SCRIPT_SANDBOXING = YES;
				GCC_C_LANGUAGE_STANDARD = gnu17;
				GCC_NO_COMMON_BLOCKS = YES;
				GCC_WARN_64_TO_32_BIT_CONVERSION = YES;
				GCC_WARN_ABOUT_RETURN_TYPE = YES_ERROR;
				GCC_WARN_UNDECLARED_SELECTOR = YES;
				GCC_WARN_UNINITIALIZED_AUTOS = YES_AGGRESSIVE;
				GCC_WARN_UNUSED_FUNCTION = YES;
				GCC_WARN_UNUSED_VARIABLE = YES;
				IPHONEOS_DEPLOYMENT_TARGET = 17.0;
				LOCALIZATION_PREFERS_STRING_CATALOGS = YES;
				MTL_ENABLE_DEBUG_INFO = NO;
				MTL_FAST_MATH = YES;
				SDKROOT = iphoneos;
				SWIFT_COMPILATION_MODE = wholemodule;
				VALIDATE_PRODUCT = YES;
			};
			name = Release;
		};
		B5A0F5352AED335900956226 /* Debug */ = {
			isa = XCBuildConfiguration;
			buildSettings = {
				ASSETCATALOG_COMPILER_APPICON_NAME = AppIcon;
				ASSETCATALOG_COMPILER_GLOBAL_ACCENT_COLOR_NAME = AccentColor;
				CODE_SIGN_STYLE = Automatic;
				CURRENT_PROJECT_VERSION = 1;
				DEVELOPMENT_ASSET_PATHS = "\"Scrumdinger/Preview Content\"";
				DEVELOPMENT_TEAM = D35T7MJCLC;
				ENABLE_PREVIEWS = YES;
				GENERATE_INFOPLIST_FILE = YES;
				INFOPLIST_KEY_UIApplicationSceneManifest_Generation = YES;
				INFOPLIST_KEY_UIApplicationSupportsIndirectInputEvents = YES;
				INFOPLIST_KEY_UILaunchScreen_Generation = YES;
				INFOPLIST_KEY_UISupportedInterfaceOrientations_iPad = "UIInterfaceOrientationPortrait UIInterfaceOrientationPortraitUpsideDown UIInterfaceOrientationLandscapeLeft UIInterfaceOrientationLandscapeRight";
				INFOPLIST_KEY_UISupportedInterfaceOrientations_iPhone = "UIInterfaceOrientationPortrait UIInterfaceOrientationLandscapeLeft UIInterfaceOrientationLandscapeRight";
				LD_RUNPATH_SEARCH_PATHS = (
					"$(inherited)",
					"@executable_path/Frameworks",
				);
				MARKETING_VERSION = 1.0;
				PRODUCT_BUNDLE_IDENTIFIER = com.chrisclaude.Scrumdinger;
				PRODUCT_NAME = "$(TARGET_NAME)";
				SWIFT_EMIT_LOC_STRINGS = YES;
				SWIFT_VERSION = 5.0;
				TARGETED_DEVICE_FAMILY = "1,2";
			};
			name = Debug;
		};
		B5A0F5362AED335900956226 /* Release */ = {
			isa = XCBuildConfiguration;
			buildSettings = {
				ASSETCATALOG_COMPILER_APPICON_NAME = AppIcon;
				ASSETCATALOG_COMPILER_GLOBAL_ACCENT_COLOR_NAME = AccentColor;
				CODE_SIGN_STYLE = Automatic;
				CURRENT_PROJECT_VERSION = 1;
				DEVELOPMENT_ASSET_PATHS = "\"Scrumdinger/Preview Content\"";
				DEVELOPMENT_TEAM = D35T7MJCLC;
				ENABLE_PREVIEWS = YES;
				GENERATE_INFOPLIST_FILE = YES;
				INFOPLIST_KEY_UIApplicationSceneManifest_Generation = YES;
				INFOPLIST_KEY_UIApplicationSupportsIndirectInputEvents = YES;
				INFOPLIST_KEY_UILaunchScreen_Generation = YES;
				INFOPLIST_KEY_UISupportedInterfaceOrientations_iPad = "UIInterfaceOrientationPortrait UIInterfaceOrientationPortraitUpsideDown UIInterfaceOrientationLandscapeLeft UIInterfaceOrientationLandscapeRight";
				INFOPLIST_KEY_UISupportedInterfaceOrientations_iPhone = "UIInterfaceOrientationPortrait UIInterfaceOrientationLandscapeLeft UIInterfaceOrientationLandscapeRight";
				LD_RUNPATH_SEARCH_PATHS = (
					"$(inherited)",
					"@executable_path/Frameworks",
				);
				MARKETING_VERSION = 1.0;
				PRODUCT_BUNDLE_IDENTIFIER = com.chrisclaude.Scrumdinger;
				PRODUCT_NAME = "$(TARGET_NAME)";
				SWIFT_EMIT_LOC_STRINGS = YES;
				SWIFT_VERSION = 5.0;
				TARGETED_DEVICE_FAMILY = "1,2";
			};
			name = Release;
		};
		B5A0F5382AED335900956226 /* Debug */ = {
			isa = XCBuildConfiguration;
			buildSettings = {
				ALWAYS_EMBED_SWIFT_STANDARD_LIBRARIES = YES;
				BUNDLE_LOADER = "$(TEST_HOST)";
				CODE_SIGN_STYLE = Automatic;
				CURRENT_PROJECT_VERSION = 1;
				DEVELOPMENT_TEAM = D35T7MJCLC;
				GENERATE_INFOPLIST_FILE = YES;
				IPHONEOS_DEPLOYMENT_TARGET = 17.0;
				MARKETING_VERSION = 1.0;
				PRODUCT_BUNDLE_IDENTIFIER = com.chrisclaude.ScrumdingerTests;
				PRODUCT_NAME = "$(TARGET_NAME)";
				SWIFT_EMIT_LOC_STRINGS = NO;
				SWIFT_VERSION = 5.0;
				TARGETED_DEVICE_FAMILY = "1,2";
				TEST_HOST = "$(BUILT_PRODUCTS_DIR)/Scrumdinger.app/$(BUNDLE_EXECUTABLE_FOLDER_PATH)/Scrumdinger";
			};
			name = Debug;
		};
		B5A0F5392AED335900956226 /* Release */ = {
			isa = XCBuildConfiguration;
			buildSettings = {
				ALWAYS_EMBED_SWIFT_STANDARD_LIBRARIES = YES;
				BUNDLE_LOADER = "$(TEST_HOST)";
				CODE_SIGN_STYLE = Automatic;
				CURRENT_PROJECT_VERSION = 1;
				DEVELOPMENT_TEAM = D35T7MJCLC;
				GENERATE_INFOPLIST_FILE = YES;
				IPHONEOS_DEPLOYMENT_TARGET = 17.0;
				MARKETING_VERSION = 1.0;
				PRODUCT_BUNDLE_IDENTIFIER = com.chrisclaude.ScrumdingerTests;
				PRODUCT_NAME = "$(TARGET_NAME)";
				SWIFT_EMIT_LOC_STRINGS = NO;
				SWIFT_VERSION = 5.0;
				TARGETED_DEVICE_FAMILY = "1,2";
				TEST_HOST = "$(BUILT_PRODUCTS_DIR)/Scrumdinger.app/$(BUNDLE_EXECUTABLE_FOLDER_PATH)/Scrumdinger";
			};
			name = Release;
		};
		B5A0F53B2AED335900956226 /* Debug */ = {
			isa = XCBuildConfiguration;
			buildSettings = {
				ALWAYS_EMBED_SWIFT_STANDARD_LIBRARIES = YES;
				CODE_SIGN_STYLE = Automatic;
				CURRENT_PROJECT_VERSION = 1;
				DEVELOPMENT_TEAM = D35T7MJCLC;
				GENERATE_INFOPLIST_FILE = YES;
				MARKETING_VERSION = 1.0;
				PRODUCT_BUNDLE_IDENTIFIER = com.chrisclaude.ScrumdingerUITests;
				PRODUCT_NAME = "$(TARGET_NAME)";
				SWIFT_EMIT_LOC_STRINGS = NO;
				SWIFT_VERSION = 5.0;
				TARGETED_DEVICE_FAMILY = "1,2";
				TEST_TARGET_NAME = Scrumdinger;
			};
			name = Debug;
		};
		B5A0F53C2AED335900956226 /* Release */ = {
			isa = XCBuildConfiguration;
			buildSettings = {
				ALWAYS_EMBED_SWIFT_STANDARD_LIBRARIES = YES;
				CODE_SIGN_STYLE = Automatic;
				CURRENT_PROJECT_VERSION = 1;
				DEVELOPMENT_TEAM = D35T7MJCLC;
				GENERATE_INFOPLIST_FILE = YES;
				MARKETING_VERSION = 1.0;
				PRODUCT_BUNDLE_IDENTIFIER = com.chrisclaude.ScrumdingerUITests;
				PRODUCT_NAME = "$(TARGET_NAME)";
				SWIFT_EMIT_LOC_STRINGS = NO;
				SWIFT_VERSION = 5.0;
				TARGETED_DEVICE_FAMILY = "1,2";
				TEST_TARGET_NAME = Scrumdinger;
			};
			name = Release;
		};
/* End XCBuildConfiguration section */

/* Begin XCConfigurationList section */
		B5A0F50B2AED335700956226 /* Build configuration list for PBXProject "Scrumdinger" */ = {
			isa = XCConfigurationList;
			buildConfigurations = (
				B5A0F5322AED335900956226 /* Debug */,
				B5A0F5332AED335900956226 /* Release */,
			);
			defaultConfigurationIsVisible = 0;
			defaultConfigurationName = Release;
		};
		B5A0F5342AED335900956226 /* Build configuration list for PBXNativeTarget "Scrumdinger" */ = {
			isa = XCConfigurationList;
			buildConfigurations = (
				B5A0F5352AED335900956226 /* Debug */,
				B5A0F5362AED335900956226 /* Release */,
			);
			defaultConfigurationIsVisible = 0;
			defaultConfigurationName = Release;
		};
		B5A0F5372AED335900956226 /* Build configuration list for PBXNativeTarget "ScrumdingerTests" */ = {
			isa = XCConfigurationList;
			buildConfigurations = (
				B5A0F5382AED335900956226 /* Debug */,
				B5A0F5392AED335900956226 /* Release */,
			);
			defaultConfigurationIsVisible = 0;
			defaultConfigurationName = Release;
		};
		B5A0F53A2AED335900956226 /* Build configuration list for PBXNativeTarget "ScrumdingerUITests" */ = {
			isa = XCConfigurationList;
			buildConfigurations = (
				B5A0F53B2AED335900956226 /* Debug */,
				B5A0F53C2AED335900956226 /* Release */,
			);
			defaultConfigurationIsVisible = 0;
			defaultConfigurationName = Release;
		};
/* End XCConfigurationList section */
	};
	rootObject = B5A0F5082AED335700956226 /* Project object */;
}
